{
  "name": "gpic-dashboard",
  "version": "1.0.0",
  "lockfileVersion": 3,
  "requires": true,
  "packages": {
    "": {
      "name": "gpic-dashboard",
      "version": "1.0.0",
      "dependencies": {
        "react": "^18.3.1",
        "react-dom": "^18.3.1",
        "recharts": "^2.12.7"
      },
      "devDependencies": {
        "@vitejs/plugin-react": "^4.3.1",
        "vite": "^5.4.0"
      }
    },
    "node_modules/@babel/code-frame": {
      "version": "7.24.2",
      "resolved": "https://registry.npmjs.org/@babel/code-frame/-/code-frame-7.24.2.tgz",
      "integrity": "sha512-y5+tLQyV8pg3fsiln67LQSQ5M7L8y+AP3D04twhR90bcDbnIwG1sLsaclWaT2pfS49qQ123swTQVIb22wBFddA==",
      "dependencies": {
        "@babel/highlight": "^7.24.2"
      },
      "engines": {
        "node": ">=6.9.0"
      }
    },
    "node_modules/@babel/helper-validator-identifier": {
      "version": "7.24.5",
      "resolved": "https://registry.npmjs.org/@babel/helper-validator-identifier/-/helper-validator-identifier-7.24.5.tgz",
      "integrity": "sha512-3q93SSKX2TWCG30M2G0/qoJH+8aIMihP5eGvNfQpg5dbJPt0VeNaaSCmMgrJ2t8N35kcG1sTUqQdWaHcjyDSA==",
      "engines": {
        "node": ">=6.9.0"
      }
    },
    "node_modules/@babel/highlight": {
      "version": "7.24.5",
      "resolved": "https://registry.npmjs.org/@babel/highlight/-/highlight-7.24.5.tgz",
      "integrity": "sha512-8lLmra6OV7FGSpNzKfiO6fV3Le3f/HHjTZD2UtgNcgRrZJJmGDm4JgMEQFGj0KAQq7ZxzIIIX3XnfRN7w78Qg==",
      "dependencies": {
        "@babel/helper-validator-identifier": "^7.24.5",
        "chalk": "^2.4.2",
        "js-tokens": "^4.0.0"
      },
      "engines": {
        "node": ">=6.9.0"
      }
    },
    "node_modules/@esbuild/linux-x64": {
      "version": "0.21.5",
      "resolved": "https://registry.npmjs.org/@esbuild/linux-x64/-/linux-x64-0.21.5.tgz",
      "integrity": "sha512-1rYdTpyv03iycF1+BhzrzQJCdOuAOtaqHTWJZCWvijKD2N5Xu0TtVC8/+1faWqcP9iBCWOmjmhoH94dH82ttFA==",
      "cpu": [
        "x64"
      ],
      "optional": true,
      "os": [
        "linux"
      ],
      "engines": {
        "node": ">=12"
      }
    },
    "node_modules/@vitejs/plugin-react": {
      "version": "4.3.1",
      "resolved": "https://registry.npmjs.org/@vitejs/plugin-react/-/plugin-react-4.3.1.tgz",
      "integrity": "sha512-m/V2syj5N2PT+H9UDuD4blB2pEPhj7It2dBaCYT79v/qmCPe2n6n7TCfsirNEULVxavmlmO+7wxfWCA8LEfADw==",
      "dev": true,
      "dependencies": {
        "@babel/code-frame": "^7.24.2",
        "@babel/compat-data": "^7.24.4",
        "@babel/core": "^7.24.5",
        "@babel/helper-define-map": "^7.24.1",
        "@babel/helper-module-imports": "^7.24.3",
        "@babel/helper-plugin-utils": "^7.24.5",
        "@babel/helper-simple-access": "^7.24.5",
        "@babel/helper-split-export-declaration": "^7.24.5",
        "@babel/plugin-transform-react-jsx": "^7.24.5",
        "@babel/plugin-transform-react-jsx-development": "^7.24.5",
        "@babel/preset-typescript": "^7.24.1",
        "@babel/traverse": "^7.24.5",
        "@babel/types": "^7.24.5",
        "babel-plugin-react-compiler": "^0.0.0-experimental-592953f-20240517"
      },
      "peerDependencies": {
        "vite": "^4.2.0 || ^5.0.0-0"
      }
    },
    "node_modules/react": {
      "version": "18.3.1",
      "resolved": "https://registry.npmjs.org/react/-/react-18.3.1.tgz",
      "integrity": "sha512-wS+hAgJShR0KhElBISTTA8nqWP23uNQWfDHW6u2LSt4uZfISWqtIUtEBtXbDsmFmhBDXLEtJxSOqw7CeRIXE4w==",
      "dependencies": {
        "react-dom": "18.3.1"
      },
      "engines": {
        "node": ">=0.10.0"
      }
    },
    "node_modules/react-dom": {
      "version": "18.3.1",
      "resolved": "https://registry.npmjs.org/react-dom/-/react-dom-18.3.1.tgz",
      "integrity": "sha512-fmMX3YbYLSN2nRQMMtSHm1D+m5cWTyPLEGaxLES0pY75PvF00RtUG+29QB19PKraosDicGqtC53PixRp7Um4g==",
      "dependencies": {
        "scheduler": "^0.23.2"
      },
      "engines": {
        "node": ">=0.10.0"
      }
    },
    "node_modules/recharts": {
      "version": "2.12.7",
      "resolved": "https://registry.npmjs.org/recharts/-/recharts-2.12.7.tgz",
      "integrity": "sha512-E3P/FGjYKstxHJWqIUwKFCMXNH9ZA6BKU1DJXAfpjSX5W4MYM8Yz8wfJGVILs7gE9eLy1pTtFfTrUZ2DUm6OQ==",
      "dependencies": {
        "clsx": "^2.0.0",
        "decimal.js": "^10.4.3",
        "lodash-es": "^4.17.21",
        "react-smooth": "^2.0.1",
        "recharts-scale": "^0.4.5",
        "reduce-css-calc": "^2.1.8",
        "victory-vendor": "^36.6.8"
      },
      "peerDependencies": {
        "react": "^16.0.0 || ^17.0.0 || ^18.0.0",
        "react-dom": "^16.0.0 || ^17.0.0 || ^18.0.0"
      }
    },
    "node_modules/scheduler": {
      "version": "0.23.2",
      "resolved": "https://registry.npmjs.org/scheduler/-/scheduler-0.23.2.tgz",
      "integrity": "sha512-UOShYTstUHkYPLn2efQNqjap0MqVP0FlEo7E2PkcqSB74388XUNFC6noDv4hkjc0FT5inhaVw2CItqkMUA3Ctw=="
    },
    "node_modules/vite": {
      "version": "5.4.0",
      "resolved": "https://registry.npmjs.org/vite/-/vite-5.4.0.tgz",
      "integrity": "sha512-5dikv3ppwHx39PSi6A5PvCUkNvB+S4G+AtjuVR6ilNizwTtSvEKsqkx8SJ0D5yixwxIAPE59EYKX4LjJoH5+dg==",
      "dev": true,
      "dependencies": {
        "esbuild": "^0.21.3",
        "postcss": "^8.4.38",
        "rollup": "^4.13.0"
      },
      "bin": {
        "vite": "bin/vite.js"
      },
      "engines": {
        "node": "^18.0.0 || >=20.0.0"
      }
    }
  }
}
